
Microsoft Visual Studio Solution File, Format Version 12.00
# Visual Studio Version 17
VisualStudioVersion = 17.8.34316.72
MinimumVisualStudioVersion = 10.0.40219.1
Project("{FAE04EC0-301F-11D3-BF4B-00C04F79EFBC}") = "EmployeePlatform.Server", "EmployeePlatform.Server\EmployeePlatform.Server.csproj", "{1F128CBA-5CCE-4ADD-A037-C2A8FC227666}"
EndProject
Project("{54A90642-561A-4BB1-A94E-469ADEE60C69}") = "employeeplatform.client", "employeeplatform.client\employeeplatform.client.esproj", "{5573C18E-17E1-4350-9D6E-5B2CB757AE49}"
EndProject
Global
	GlobalSection(SolutionConfigurationPlatforms) = preSolution
		Debug|Any CPU = Debug|Any CPU
		Release|Any CPU = Release|Any CPU
	EndGlobalSection
	GlobalSection(ProjectConfigurationPlatforms) = postSolution
		{1F128CBA-5CCE-4ADD-A037-C2A8FC227666}.Debug|Any CPU.ActiveCfg = Debug|Any CPU
		{1F128CBA-5CCE-4ADD-A037-C2A8FC227666}.Debug|Any CPU.Build.0 = Debug|Any CPU
		{1F128CBA-5CCE-4ADD-A037-C2A8FC227666}.Release|Any CPU.ActiveCfg = Release|Any CPU
		{1F128CBA-5CCE-4ADD-A037-C2A8FC227666}.Release|Any CPU.Build.0 = Release|Any CPU
		{5573C18E-17E1-4350-9D6E-5B2CB757AE49}.Debug|Any CPU.ActiveCfg = Debug|Any CPU
		{5573C18E-17E1-4350-9D6E-5B2CB757AE49}.Debug|Any CPU.Build.0 = Debug|Any CPU
		{5573C18E-17E1-4350-9D6E-5B2CB757AE49}.Debug|Any CPU.Deploy.0 = Debug|Any CPU
		{5573C18E-17E1-4350-9D6E-5B2CB757AE49}.Release|Any CPU.ActiveCfg = Release|Any CPU
		{5573C18E-17E1-4350-9D6E-5B2CB757AE49}.Release|Any CPU.Build.0 = Release|Any CPU
		{5573C18E-17E1-4350-9D6E-5B2CB757AE49}.Release|Any CPU.Deploy.0 = Release|Any CPU
	EndGlobalSection
	GlobalSection(SolutionProperties) = preSolution
		HideSolutionNode = FALSE
	EndGlobalSection
	GlobalSection(ExtensibilityGlobals) = postSolution
		SolutionGuid = {36B4EAE3-72FE-4C70-AD62-9A50244FC153}
	EndGlobalSection
EndGlobal
